
Microsoft Visual Studio Solution File, Format Version 12.00
Project("{FAE04EC0-301F-11D3-BF4B-00C04F79EFBC}") = "TestAutoGeneratedAndNullable", "TestAutoGeneratedAndNullable.csproj", "{F61BDC4B-6C87-46CA-882D-EABF34908F76}"
EndProject
Global
	GlobalSection(SolutionConfigurationPlatforms) = preSolution
		Debug|Any CPU = Debug|Any CPU
		Release|Any CPU = Release|Any CPU
	EndGlobalSection
	GlobalSection(ProjectConfigurationPlatforms) = postSolution
		{F61BDC4B-6C87-46CA-882D-EABF34908F76}.Debug|Any CPU.ActiveCfg = Debug|Any CPU
		{F61BDC4B-6C87-46CA-882D-EABF34908F76}.Debug|Any CPU.Build.0 = Debug|Any CPU
		{F61BDC4B-6C87-46CA-882D-EABF34908F76}.Release|Any CPU.ActiveCfg = Release|Any CPU
		{F61BDC4B-6C87-46CA-882D-EABF34908F76}.Release|Any CPU.Build.0 = Release|Any CPU
	EndGlobalSection
EndGlobal
